
Microsoft Visual Studio Solution File, Format Version 12.00
# Visual Studio Version 17
VisualStudioVersion = 17.0.31903.59
MinimumVisualStudioVersion = 10.0.40219.1
Project("{FAE04EC0-301F-11D3-BF4B-00C04F79EFBC}") = "RentalManager.Domain", "RentalManager.Domain\RentalManager.Domain.csproj", "{5E94D99D-B5DB-4F7F-AC28-09EB47394C76}"
EndProject
Project("{FAE04EC0-301F-11D3-BF4B-00C04F79EFBC}") = "RentalManager.Application", "RentalManager.Application\RentalManager.Application.csproj", "{223B8569-17D2-467D-B637-8BDFE59C6A70}"
EndProject
Project("{FAE04EC0-301F-11D3-BF4B-00C04F79EFBC}") = "RentalManager.Infrastructure", "RentalManager.Infrastructure\RentalManager.Infrastructure.csproj", "{65BB68FC-600B-4285-B1C3-49532878764C}"
EndProject
Project("{FAE04EC0-301F-11D3-BF4B-00C04F79EFBC}") = "RentalManager.API", "RentalManager.API\RentalManager.API.csproj", "{E4028DEC-6DB7-4511-B81F-4EE4275DA3F8}"
EndProject
Project("{FAE04EC0-301F-11D3-BF4B-00C04F79EFBC}") = "RentalManager.Database", "RentalManager.Database\RentalManager.Database.csproj", "{F785C4D2-3674-415A-A651-C0DF3A839BF1}"
EndProject
Project("{FAE04EC0-301F-11D3-BF4B-00C04F79EFBC}") = "RentalManager.UnitTests", "..\..\tests\RentalManager.UnitTests\RentalManager.UnitTests.csproj", "{F5141347-F701-4510-8EA7-325F0AB902BD}"
EndProject
Project("{FAE04EC0-301F-11D3-BF4B-00C04F79EFBC}") = "RentalManager.IntegrationTests", "..\..\tests\RentalManager.IntegrationTests\RentalManager.IntegrationTests.csproj", "{7F9DAA93-DFFD-45C1-84AB-79320728F208}"
EndProject
Project("{FAE04EC0-301F-11D3-BF4B-00C04F79EFBC}") = "RentalManager.E2ETests", "..\..\tests\RentalManager.E2ETests\RentalManager.E2ETests.csproj", "{66652493-4889-4FF8-AFD4-EB18228F8946}"
EndProject
Global
	GlobalSection(SolutionConfigurationPlatforms) = preSolution
		Debug|Any CPU = Debug|Any CPU
		Debug|x64 = Debug|x64
		Debug|x86 = Debug|x86
		Release|Any CPU = Release|Any CPU
		Release|x64 = Release|x64
		Release|x86 = Release|x86
	EndGlobalSection
	GlobalSection(ProjectConfigurationPlatforms) = postSolution
		{5E94D99D-B5DB-4F7F-AC28-09EB47394C76}.Debug|Any CPU.ActiveCfg = Debug|Any CPU
		{5E94D99D-B5DB-4F7F-AC28-09EB47394C76}.Debug|Any CPU.Build.0 = Debug|Any CPU
		{5E94D99D-B5DB-4F7F-AC28-09EB47394C76}.Debug|x64.ActiveCfg = Debug|Any CPU
		{5E94D99D-B5DB-4F7F-AC28-09EB47394C76}.Debug|x64.Build.0 = Debug|Any CPU
		{5E94D99D-B5DB-4F7F-AC28-09EB47394C76}.Debug|x86.ActiveCfg = Debug|Any CPU
		{5E94D99D-B5DB-4F7F-AC28-09EB47394C76}.Debug|x86.Build.0 = Debug|Any CPU
		{5E94D99D-B5DB-4F7F-AC28-09EB47394C76}.Release|Any CPU.ActiveCfg = Release|Any CPU
		{5E94D99D-B5DB-4F7F-AC28-09EB47394C76}.Release|Any CPU.Build.0 = Release|Any CPU
		{5E94D99D-B5DB-4F7F-AC28-09EB47394C76}.Release|x64.ActiveCfg = Release|Any CPU
		{5E94D99D-B5DB-4F7F-AC28-09EB47394C76}.Release|x64.Build.0 = Release|Any CPU
		{5E94D99D-B5DB-4F7F-AC28-09EB47394C76}.Release|x86.ActiveCfg = Release|Any CPU
		{5E94D99D-B5DB-4F7F-AC28-09EB47394C76}.Release|x86.Build.0 = Release|Any CPU
		{223B8569-17D2-467D-B637-8BDFE59C6A70}.Debug|Any CPU.ActiveCfg = Debug|Any CPU
		{223B8569-17D2-467D-B637-8BDFE59C6A70}.Debug|Any CPU.Build.0 = Debug|Any CPU
		{223B8569-17D2-467D-B637-8BDFE59C6A70}.Debug|x64.ActiveCfg = Debug|Any CPU
		{223B8569-17D2-467D-B637-8BDFE59C6A70}.Debug|x64.Build.0 = Debug|Any CPU
		{223B8569-17D2-467D-B637-8BDFE59C6A70}.Debug|x86.ActiveCfg = Debug|Any CPU
		{223B8569-17D2-467D-B637-8BDFE59C6A70}.Debug|x86.Build.0 = Debug|Any CPU
		{223B8569-17D2-467D-B637-8BDFE59C6A70}.Release|Any CPU.ActiveCfg = Release|Any CPU
		{223B8569-17D2-467D-B637-8BDFE59C6A70}.Release|Any CPU.Build.0 = Release|Any CPU
		{223B8569-17D2-467D-B637-8BDFE59C6A70}.Release|x64.ActiveCfg = Release|Any CPU
		{223B8569-17D2-467D-B637-8BDFE59C6A70}.Release|x64.Build.0 = Release|Any CPU
		{223B8569-17D2-467D-B637-8BDFE59C6A70}.Release|x86.ActiveCfg = Release|Any CPU
		{223B8569-17D2-467D-B637-8BDFE59C6A70}.Release|x86.Build.0 = Release|Any CPU
		{65BB68FC-600B-4285-B1C3-49532878764C}.Debug|Any CPU.ActiveCfg = Debug|Any CPU
		{65BB68FC-600B-4285-B1C3-49532878764C}.Debug|Any CPU.Build.0 = Debug|Any CPU
		{65BB68FC-600B-4285-B1C3-49532878764C}.Debug|x64.ActiveCfg = Debug|Any CPU
		{65BB68FC-600B-4285-B1C3-49532878764C}.Debug|x64.Build.0 = Debug|Any CPU
		{65BB68FC-600B-4285-B1C3-49532878764C}.Debug|x86.ActiveCfg = Debug|Any CPU
		{65BB68FC-600B-4285-B1C3-49532878764C}.Debug|x86.Build.0 = Debug|Any CPU
		{65BB68FC-600B-4285-B1C3-49532878764C}.Release|Any CPU.ActiveCfg = Release|Any CPU
		{65BB68FC-600B-4285-B1C3-49532878764C}.Release|Any CPU.Build.0 = Release|Any CPU
		{65BB68FC-600B-4285-B1C3-49532878764C}.Release|x64.ActiveCfg = Release|Any CPU
		{65BB68FC-600B-4285-B1C3-49532878764C}.Release|x64.Build.0 = Release|Any CPU
		{65BB68FC-600B-4285-B1C3-49532878764C}.Release|x86.ActiveCfg = Release|Any CPU
		{65BB68FC-600B-4285-B1C3-49532878764C}.Release|x86.Build.0 = Release|Any CPU
		{E4028DEC-6DB7-4511-B81F-4EE4275DA3F8}.Debug|Any CPU.ActiveCfg = Debug|Any CPU
		{E4028DEC-6DB7-4511-B81F-4EE4275DA3F8}.Debug|Any CPU.Build.0 = Debug|Any CPU
		{E4028DEC-6DB7-4511-B81F-4EE4275DA3F8}.Debug|x64.ActiveCfg = Debug|Any CPU
		{E4028DEC-6DB7-4511-B81F-4EE4275DA3F8}.Debug|x64.Build.0 = Debug|Any CPU
		{E4028DEC-6DB7-4511-B81F-4EE4275DA3F8}.Debug|x86.ActiveCfg = Debug|Any CPU
		{E4028DEC-6DB7-4511-B81F-4EE4275DA3F8}.Debug|x86.Build.0 = Debug|Any CPU
		{E4028DEC-6DB7-4511-B81F-4EE4275DA3F8}.Release|Any CPU.ActiveCfg = Release|Any CPU
		{E4028DEC-6DB7-4511-B81F-4EE4275DA3F8}.Release|Any CPU.Build.0 = Release|Any CPU
		{E4028DEC-6DB7-4511-B81F-4EE4275DA3F8}.Release|x64.ActiveCfg = Release|Any CPU
		{E4028DEC-6DB7-4511-B81F-4EE4275DA3F8}.Release|x64.Build.0 = Release|Any CPU
		{E4028DEC-6DB7-4511-B81F-4EE4275DA3F8}.Release|x86.ActiveCfg = Release|Any CPU
		{E4028DEC-6DB7-4511-B81F-4EE4275DA3F8}.Release|x86.Build.0 = Release|Any CPU
		{F785C4D2-3674-415A-A651-C0DF3A839BF1}.Debug|Any CPU.ActiveCfg = Debug|Any CPU
		{F785C4D2-3674-415A-A651-C0DF3A839BF1}.Debug|Any CPU.Build.0 = Debug|Any CPU
		{F785C4D2-3674-415A-A651-C0DF3A839BF1}.Debug|x64.ActiveCfg = Debug|Any CPU
		{F785C4D2-3674-415A-A651-C0DF3A839BF1}.Debug|x64.Build.0 = Debug|Any CPU
		{F785C4D2-3674-415A-A651-C0DF3A839BF1}.Debug|x86.ActiveCfg = Debug|Any CPU
		{F785C4D2-3674-415A-A651-C0DF3A839BF1}.Debug|x86.Build.0 = Debug|Any CPU
		{F785C4D2-3674-415A-A651-C0DF3A839BF1}.Release|Any CPU.ActiveCfg = Release|Any CPU
		{F785C4D2-3674-415A-A651-C0DF3A839BF1}.Release|Any CPU.Build.0 = Release|Any CPU
		{F785C4D2-3674-415A-A651-C0DF3A839BF1}.Release|x64.ActiveCfg = Release|Any CPU
		{F785C4D2-3674-415A-A651-C0DF3A839BF1}.Release|x64.Build.0 = Release|Any CPU
		{F785C4D2-3674-415A-A651-C0DF3A839BF1}.Release|x86.ActiveCfg = Release|Any CPU
		{F785C4D2-3674-415A-A651-C0DF3A839BF1}.Release|x86.Build.0 = Release|Any CPU
		{F5141347-F701-4510-8EA7-325F0AB902BD}.Debug|Any CPU.ActiveCfg = Debug|Any CPU
		{F5141347-F701-4510-8EA7-325F0AB902BD}.Debug|Any CPU.Build.0 = Debug|Any CPU
		{F5141347-F701-4510-8EA7-325F0AB902BD}.Debug|x64.ActiveCfg = Debug|Any CPU
		{F5141347-F701-4510-8EA7-325F0AB902BD}.Debug|x64.Build.0 = Debug|Any CPU
		{F5141347-F701-4510-8EA7-325F0AB902BD}.Debug|x86.ActiveCfg = Debug|Any CPU
		{F5141347-F701-4510-8EA7-325F0AB902BD}.Debug|x86.Build.0 = Debug|Any CPU
		{F5141347-F701-4510-8EA7-325F0AB902BD}.Release|Any CPU.ActiveCfg = Release|Any CPU
		{F5141347-F701-4510-8EA7-325F0AB902BD}.Release|Any CPU.Build.0 = Release|Any CPU
		{F5141347-F701-4510-8EA7-325F0AB902BD}.Release|x64.ActiveCfg = Release|Any CPU
		{F5141347-F701-4510-8EA7-325F0AB902BD}.Release|x64.Build.0 = Release|Any CPU
		{F5141347-F701-4510-8EA7-325F0AB902BD}.Release|x86.ActiveCfg = Release|Any CPU
		{F5141347-F701-4510-8EA7-325F0AB902BD}.Release|x86.Build.0 = Release|Any CPU
		{7F9DAA93-DFFD-45C1-84AB-79320728F208}.Debug|Any CPU.ActiveCfg = Debug|Any CPU
		{7F9DAA93-DFFD-45C1-84AB-79320728F208}.Debug|Any CPU.Build.0 = Debug|Any CPU
		{7F9DAA93-DFFD-45C1-84AB-79320728F208}.Debug|x64.ActiveCfg = Debug|Any CPU
		{7F9DAA93-DFFD-45C1-84AB-79320728F208}.Debug|x64.Build.0 = Debug|Any CPU
		{7F9DAA93-DFFD-45C1-84AB-79320728F208}.Debug|x86.ActiveCfg = Debug|Any CPU
		{7F9DAA93-DFFD-45C1-84AB-79320728F208}.Debug|x86.Build.0 = Debug|Any CPU
		{7F9DAA93-DFFD-45C1-84AB-79320728F208}.Release|Any CPU.ActiveCfg = Release|Any CPU
		{7F9DAA93-DFFD-45C1-84AB-79320728F208}.Release|Any CPU.Build.0 = Release|Any CPU
		{7F9DAA93-DFFD-45C1-84AB-79320728F208}.Release|x64.ActiveCfg = Release|Any CPU
		{7F9DAA93-DFFD-45C1-84AB-79320728F208}.Release|x64.Build.0 = Release|Any CPU
		{7F9DAA93-DFFD-45C1-84AB-79320728F208}.Release|x86.ActiveCfg = Release|Any CPU
		{7F9DAA93-DFFD-45C1-84AB-79320728F208}.Release|x86.Build.0 = Release|Any CPU
		{66652493-4889-4FF8-AFD4-EB18228F8946}.Debug|Any CPU.ActiveCfg = Debug|Any CPU
		{66652493-4889-4FF8-AFD4-EB18228F8946}.Debug|Any CPU.Build.0 = Debug|Any CPU
		{66652493-4889-4FF8-AFD4-EB18228F8946}.Debug|x64.ActiveCfg = Debug|Any CPU
		{66652493-4889-4FF8-AFD4-EB18228F8946}.Debug|x64.Build.0 = Debug|Any CPU
		{66652493-4889-4FF8-AFD4-EB18228F8946}.Debug|x86.ActiveCfg = Debug|Any CPU
		{66652493-4889-4FF8-AFD4-EB18228F8946}.Debug|x86.Build.0 = Debug|Any CPU
		{66652493-4889-4FF8-AFD4-EB18228F8946}.Release|Any CPU.ActiveCfg = Release|Any CPU
		{66652493-4889-4FF8-AFD4-EB18228F8946}.Release|Any CPU.Build.0 = Release|Any CPU
		{66652493-4889-4FF8-AFD4-EB18228F8946}.Release|x64.ActiveCfg = Release|Any CPU
		{66652493-4889-4FF8-AFD4-EB18228F8946}.Release|x64.Build.0 = Release|Any CPU
		{66652493-4889-4FF8-AFD4-EB18228F8946}.Release|x86.ActiveCfg = Release|Any CPU
		{66652493-4889-4FF8-AFD4-EB18228F8946}.Release|x86.Build.0 = Release|Any CPU
	EndGlobalSection
	GlobalSection(SolutionProperties) = preSolution
		HideSolutionNode = FALSE
	EndGlobalSection
EndGlobal
